Microsoft Visual Studio Solution File, Format Version 12.00
# Visual Studio 15
VisualStudioVersion = 15.0.28307.1082
MinimumVisualStudioVersion = 10.0.40219.1
Project("{8BC9CEB8-8B4A-11D0-8D11-00A0C91BC942}") = "0_cppnetlib-mt", "0_cppnetlib\0_cppnetlib-mt.vcxproj", "{F428498D-B2C1-3A4B-A56F-3ED5DEBABB0E}"
EndProject
Project("{8BC9CEB8-8B4A-11D0-8D11-00A0C91BC942}") = "0_cryptopp-mt", "0_cryptopp\0_cryptopp-mt.vcxproj", "{FBA42A47-C607-39A2-96EE-C901C928E316}"
EndProject
Project("{8BC9CEB8-8B4A-11D0-8D11-00A0C91BC942}") = "0_msgpack-mt", "0_msgpack\0_msgpack-mt.vcxproj", "{9079B9A3-BB3D-3F96-8467-A806AF57226E}"
EndProject
Project("{8BC9CEB8-8B4A-11D0-8D11-00A0C91BC942}") = "4_core-mt", "4_core\4_core-mt.vcxproj", "{724AFC7C-86C5-3C18-84A6-29655B849678}"
	ProjectSection(ProjectDependencies) = postProject
		{FBA42A47-C607-39A2-96EE-C901C928E316} = {FBA42A47-C607-39A2-96EE-C901C928E316}
		{9079B9A3-BB3D-3F96-8467-A806AF57226E} = {9079B9A3-BB3D-3F96-8467-A806AF57226E}
		{F428498D-B2C1-3A4B-A56F-3ED5DEBABB0E} = {F428498D-B2C1-3A4B-A56F-3ED5DEBABB0E}
	EndProjectSection
EndProject
Project("{8BC9CEB8-8B4A-11D0-8D11-00A0C91BC942}") = "4_router_cli", "4_router_cli\4_router_cli.vcxproj", "{CBD49833-B712-390A-AA4E-FB9019CF05D8}"
	ProjectSection(ProjectDependencies) = postProject
		{724AFC7C-86C5-3C18-84A6-29655B849678} = {724AFC7C-86C5-3C18-84A6-29655B849678}
		{FBA42A47-C607-39A2-96EE-C901C928E316} = {FBA42A47-C607-39A2-96EE-C901C928E316}
		{9079B9A3-BB3D-3F96-8467-A806AF57226E} = {9079B9A3-BB3D-3F96-8467-A806AF57226E}
		{F428498D-B2C1-3A4B-A56F-3ED5DEBABB0E} = {F428498D-B2C1-3A4B-A56F-3ED5DEBABB0E}
	EndProjectSection
EndProject
Project("{8BC9CEB8-8B4A-11D0-8D11-00A0C91BC942}") = "4_core_client-mt", "4_core_client\4_core_client-mt.vcxproj", "{91E11BA0-D362-3152-96A0-A3D67EE8AB58}"
	ProjectSection(ProjectDependencies) = postProject
		{724AFC7C-86C5-3C18-84A6-29655B849678} = {724AFC7C-86C5-3C18-84A6-29655B849678}
		{FBA42A47-C607-39A2-96EE-C901C928E316} = {FBA42A47-C607-39A2-96EE-C901C928E316}
		{9079B9A3-BB3D-3F96-8467-A806AF57226E} = {9079B9A3-BB3D-3F96-8467-A806AF57226E}
		{F428498D-B2C1-3A4B-A56F-3ED5DEBABB0E} = {F428498D-B2C1-3A4B-A56F-3ED5DEBABB0E}
	EndProjectSection
EndProject
Project("{8BC9CEB8-8B4A-11D0-8D11-00A0C91BC942}") = "4_client_cli", "4_client_cli\4_client_cli.vcxproj", "{F7F2F2F4-EAB4-3351-A48E-D34FD95409E8}"
	ProjectSection(ProjectDependencies) = postProject
		{91E11BA0-D362-3152-96A0-A3D67EE8AB58} = {91E11BA0-D362-3152-96A0-A3D67EE8AB58}
		{724AFC7C-86C5-3C18-84A6-29655B849678} = {724AFC7C-86C5-3C18-84A6-29655B849678}
		{FBA42A47-C607-39A2-96EE-C901C928E316} = {FBA42A47-C607-39A2-96EE-C901C928E316}
		{9079B9A3-BB3D-3F96-8467-A806AF57226E} = {9079B9A3-BB3D-3F96-8467-A806AF57226E}
		{F428498D-B2C1-3A4B-A56F-3ED5DEBABB0E} = {F428498D-B2C1-3A4B-A56F-3ED5DEBABB0E}
	EndProjectSection
EndProject
Project("{8BC9CEB8-8B4A-11D0-8D11-00A0C91BC942}") = "4_core_gui-mt", "4_core_gui\4_core_gui-mt.vcxproj", "{91846719-86C2-3F19-BB32-1036CAA17B6B}"
	ProjectSection(ProjectDependencies) = postProject
		{724AFC7C-86C5-3C18-84A6-29655B849678} = {724AFC7C-86C5-3C18-84A6-29655B849678}
		{FBA42A47-C607-39A2-96EE-C901C928E316} = {FBA42A47-C607-39A2-96EE-C901C928E316}
		{9079B9A3-BB3D-3F96-8467-A806AF57226E} = {9079B9A3-BB3D-3F96-8467-A806AF57226E}
		{F428498D-B2C1-3A4B-A56F-3ED5DEBABB0E} = {F428498D-B2C1-3A4B-A56F-3ED5DEBABB0E}
	EndProjectSection
EndProject
Project("{8BC9CEB8-8B4A-11D0-8D11-00A0C91BC942}") = "4_client_desktop", "4_client_desktop\4_client_desktop.vcxproj", "{8CE5C70F-7F10-3A54-81A1-C3F62F47CE46}"
	ProjectSection(ProjectDependencies) = postProject
		{91846719-86C2-3F19-BB32-1036CAA17B6B} = {91846719-86C2-3F19-BB32-1036CAA17B6B}
		{91E11BA0-D362-3152-96A0-A3D67EE8AB58} = {91E11BA0-D362-3152-96A0-A3D67EE8AB58}
		{724AFC7C-86C5-3C18-84A6-29655B849678} = {724AFC7C-86C5-3C18-84A6-29655B849678}
		{FBA42A47-C607-39A2-96EE-C901C928E316} = {FBA42A47-C607-39A2-96EE-C901C928E316}
		{9079B9A3-BB3D-3F96-8467-A806AF57226E} = {9079B9A3-BB3D-3F96-8467-A806AF57226E}
		{F428498D-B2C1-3A4B-A56F-3ED5DEBABB0E} = {F428498D-B2C1-3A4B-A56F-3ED5DEBABB0E}
	EndProjectSection
EndProject
Global
	GlobalSection(SolutionConfigurationPlatforms) = preSolution
		Debug|x64 = Debug|x64
		Release|x64 = Release|x64
	EndGlobalSection
	GlobalSection(ProjectConfigurationPlatforms) = postSolution
		{F428498D-B2C1-3A4B-A56F-3ED5DEBABB0E}.Debug|x64.ActiveCfg = Debug|x64
		{F428498D-B2C1-3A4B-A56F-3ED5DEBABB0E}.Debug|x64.Build.0 = Debug|x64
		{F428498D-B2C1-3A4B-A56F-3ED5DEBABB0E}.Release|x64.ActiveCfg = Release|x64
		{F428498D-B2C1-3A4B-A56F-3ED5DEBABB0E}.Release|x64.Build.0 = Release|x64
		{FBA42A47-C607-39A2-96EE-C901C928E316}.Debug|x64.ActiveCfg = Debug|x64
		{FBA42A47-C607-39A2-96EE-C901C928E316}.Debug|x64.Build.0 = Debug|x64
		{FBA42A47-C607-39A2-96EE-C901C928E316}.Release|x64.ActiveCfg = Release|x64
		{FBA42A47-C607-39A2-96EE-C901C928E316}.Release|x64.Build.0 = Release|x64
		{9079B9A3-BB3D-3F96-8467-A806AF57226E}.Debug|x64.ActiveCfg = Debug|x64
		{9079B9A3-BB3D-3F96-8467-A806AF57226E}.Debug|x64.Build.0 = Debug|x64
		{9079B9A3-BB3D-3F96-8467-A806AF57226E}.Release|x64.ActiveCfg = Release|x64
		{9079B9A3-BB3D-3F96-8467-A806AF57226E}.Release|x64.Build.0 = Release|x64
		{724AFC7C-86C5-3C18-84A6-29655B849678}.Debug|x64.ActiveCfg = Debug|x64
		{724AFC7C-86C5-3C18-84A6-29655B849678}.Debug|x64.Build.0 = Debug|x64
		{724AFC7C-86C5-3C18-84A6-29655B849678}.Release|x64.ActiveCfg = Release|x64
		{724AFC7C-86C5-3C18-84A6-29655B849678}.Release|x64.Build.0 = Release|x64
		{CBD49833-B712-390A-AA4E-FB9019CF05D8}.Debug|x64.ActiveCfg = Debug|x64
		{CBD49833-B712-390A-AA4E-FB9019CF05D8}.Debug|x64.Build.0 = Debug|x64
		{CBD49833-B712-390A-AA4E-FB9019CF05D8}.Release|x64.ActiveCfg = Release|x64
		{CBD49833-B712-390A-AA4E-FB9019CF05D8}.Release|x64.Build.0 = Release|x64
		{91E11BA0-D362-3152-96A0-A3D67EE8AB58}.Debug|x64.ActiveCfg = Debug|x64
		{91E11BA0-D362-3152-96A0-A3D67EE8AB58}.Debug|x64.Build.0 = Debug|x64
		{91E11BA0-D362-3152-96A0-A3D67EE8AB58}.Release|x64.ActiveCfg = Release|x64
		{91E11BA0-D362-3152-96A0-A3D67EE8AB58}.Release|x64.Build.0 = Release|x64
		{F7F2F2F4-EAB4-3351-A48E-D34FD95409E8}.Debug|x64.ActiveCfg = Debug|x64
		{F7F2F2F4-EAB4-3351-A48E-D34FD95409E8}.Debug|x64.Build.0 = Debug|x64
		{F7F2F2F4-EAB4-3351-A48E-D34FD95409E8}.Release|x64.ActiveCfg = Release|x64
		{F7F2F2F4-EAB4-3351-A48E-D34FD95409E8}.Release|x64.Build.0 = Release|x64
		{91846719-86C2-3F19-BB32-1036CAA17B6B}.Debug|x64.ActiveCfg = Debug|x64
		{91846719-86C2-3F19-BB32-1036CAA17B6B}.Debug|x64.Build.0 = Debug|x64
		{91846719-86C2-3F19-BB32-1036CAA17B6B}.Release|x64.ActiveCfg = Release|x64
		{91846719-86C2-3F19-BB32-1036CAA17B6B}.Release|x64.Build.0 = Release|x64
		{8CE5C70F-7F10-3A54-81A1-C3F62F47CE46}.Debug|x64.ActiveCfg = Debug|x64
		{8CE5C70F-7F10-3A54-81A1-C3F62F47CE46}.Debug|x64.Build.0 = Debug|x64
		{8CE5C70F-7F10-3A54-81A1-C3F62F47CE46}.Release|x64.ActiveCfg = Release|x64
		{8CE5C70F-7F10-3A54-81A1-C3F62F47CE46}.Release|x64.Build.0 = Release|x64
	EndGlobalSection
	GlobalSection(SolutionProperties) = preSolution
		HideSolutionNode = FALSE
	EndGlobalSection
	GlobalSection(ExtensibilityGlobals) = postSolution
		SolutionGuid = {17807480-ACFD-47CB-A54E-4D610749488D}
		Qt5Version = msvc2017_64
	EndGlobalSection
EndGlobal
